
Microsoft Visual Studio Solution File, Format Version 12.00
# Visual Studio Version 17
VisualStudioVersion = 17.0.31903.59
MinimumVisualStudioVersion = 10.0.40219.1
Project("{FAE04EC0-301F-11D3-BF4B-00C04F79EFBC}") = "MyLib", "MyLib\MyLib.csproj", "{9932CA87-6462-4B5D-97D5-C4E6F27CB94A}"
EndProject
Project("{FAE04EC0-301F-11D3-BF4B-00C04F79EFBC}") = "MyLibUnitTests", "MyLibUnitTests\MyLibUnitTests.csproj", "{DBCD1F06-BE38-422B-A9E8-ED6009FEBA19}"
EndProject
Global
	GlobalSection(SolutionConfigurationPlatforms) = preSolution
		Debug|Any CPU = Debug|Any CPU
		Release|Any CPU = Release|Any CPU
	EndGlobalSection
	GlobalSection(SolutionProperties) = preSolution
		HideSolutionNode = FALSE
	EndGlobalSection
	GlobalSection(ProjectConfigurationPlatforms) = postSolution
		{9932CA87-6462-4B5D-97D5-C4E6F27CB94A}.Debug|Any CPU.ActiveCfg = Debug|Any CPU
		{9932CA87-6462-4B5D-97D5-C4E6F27CB94A}.Debug|Any CPU.Build.0 = Debug|Any CPU
		{9932CA87-6462-4B5D-97D5-C4E6F27CB94A}.Release|Any CPU.ActiveCfg = Release|Any CPU
		{9932CA87-6462-4B5D-97D5-C4E6F27CB94A}.Release|Any CPU.Build.0 = Release|Any CPU
		{DBCD1F06-BE38-422B-A9E8-ED6009FEBA19}.Debug|Any CPU.ActiveCfg = Debug|Any CPU
		{DBCD1F06-BE38-422B-A9E8-ED6009FEBA19}.Debug|Any CPU.Build.0 = Debug|Any CPU
		{DBCD1F06-BE38-422B-A9E8-ED6009FEBA19}.Release|Any CPU.ActiveCfg = Release|Any CPU
		{DBCD1F06-BE38-422B-A9E8-ED6009FEBA19}.Release|Any CPU.Build.0 = Release|Any CPU
	EndGlobalSection
EndGlobal
